// !$*UTF8*$!
{
	archiveVersion = 1;
	classes = {
	};
	objectVersion = 46;
	objects = {

/* Begin PBXBuildFile section */
		D08778AE1513FBFA009B403D /* UIKit.framework in Frameworks */ = {isa = PBXBuildFile; fileRef = D08778AD1513FBFA009B403D /* UIKit.framework */; };
		D08778B01513FBFA009B403D /* Foundation.framework in Frameworks */ = {isa = PBXBuildFile; fileRef = D08778AF1513FBFA009B403D /* Foundation.framework */; };
		D08778B21513FBFA009B403D /* CoreGraphics.framework in Frameworks */ = {isa = PBXBuildFile; fileRef = D08778B11513FBFA009B403D /* CoreGraphics.framework */; };
		D08778B81513FBFA009B403D /* InfoPlist.strings in Resources */ = {isa = PBXBuildFile; fileRef = D08778B61513FBFA009B403D /* InfoPlist.strings */; };
		D08778BA1513FBFA009B403D /* main.m in Sources */ = {isa = PBXBuildFile; fileRef = D08778B91513FBFA009B403D /* main.m */; };
		D08778BE1513FBFA009B403D /* AppDelegate.m in Sources */ = {isa = PBXBuildFile; fileRef = D08778BD1513FBFA009B403D /* AppDelegate.m */; };
		D08778C11513FBFA009B403D /* ViewController.m in Sources */ = {isa = PBXBuildFile; fileRef = D08778C01513FBFA009B403D /* ViewController.m */; };
		D08778C41513FBFA009B403D /* ViewController.xib in Resources */ = {isa = PBXBuildFile; fileRef = D08778C21513FBFA009B403D /* ViewController.xib */; };
/* End PBXBuildFile section */

/* Begin PBXFileReference section */
		D08778A91513FBFA009B403D /* HeavyRotation.app */ = {isa = PBXFileReference; explicitFileType = wrapper.application; includeInIndex = 0; path = HeavyRotation.app; sourceTree = BUILT_PRODUCTS_DIR; };
		D08778AD1513FBFA009B403D /* UIKit.framework */ = {isa = PBXFileReference; lastKnownFileType = wrapper.framework; name = UIKit.framework; path = System/Library/Frameworks/UIKit.framework; sourceTree = SDKROOT; };
		D08778AF1513FBFA009B403D /* Foundation.framework */ = {isa = PBXFileReference; lastKnownFileType = wrapper.framework; name = Foundation.framework; path = System/Library/Frameworks/Foundation.framework; sourceTree = SDKROOT; };
		D08778B11513FBFA009B403D /* CoreGraphics.framework */ = {isa = PBXFileReference; lastKnownFileType = wrapper.framework; name = CoreGraphics.framework; path = System/Library/Frameworks/CoreGraphics.framework; sourceTree = SDKROOT; };
		D08778B51513FBFA009B403D /* HeavyRotation-Info.plist */ = {isa = PBXFileReference; path = "HeavyRotation-Info.plist"; sourceTree = "<group>"; };
		D08778B71513FBFA009B403D /* en */ = {isa = PBXFileReference; lastKnownFileType = text.plist.strings; name = en; path = en.lproj/InfoPlist.strings; sourceTree = "<group>"; };
		D08778B91513FBFA009B403D /* main.m */ = {isa = PBXFileReference; lastKnownFileType = sourcecode.c.objc; path = main.m; sourceTree = "<group>"; };
		D08778BB1513FBFA009B403D /* HeavyRotation-Prefix.pch */ = {isa = PBXFileReference; path = "HeavyRotation-Prefix.pch"; sourceTree = "<group>"; };
		D08778BC1513FBFA009B403D /* AppDelegate.h */ = {isa = PBXFileReference; path = AppDelegate.h; sourceTree = "<group>"; };
		D08778BD1513FBFA009B403D /* AppDelegate.m */ = {isa = PBXFileReference; lastKnownFileType = sourcecode.c.objc; path = AppDelegate.m; sourceTree = "<group>"; };
		D08778BF1513FBFA009B403D /* ViewController.h */ = {isa = PBXFileReference; path = ViewController.h; sourceTree = "<group>"; };
		D08778C01513FBFA009B403D /* ViewController.m */ = {isa = PBXFileReference; lastKnownFileType = sourcecode.c.objc; path = ViewController.m; sourceTree = "<group>"; };
		D08778C31513FBFA009B403D /* en */ = {isa = PBXFileReference; lastKnownFileType = file.xib; name = en; path = en.lproj/ViewController.xib; sourceTree = "<group>"; };
/* End PBXFileReference section */

/* Begin PBXFrameworksBuildPhase section */
		D08778A61513FBFA009B403D /* Frameworks */ = {
			isa = PBXFrameworksBuildPhase;
			buildActionMask = 2147483647;
			files = (
				D08778AE1513FBFA009B403D /* UIKit.framework in Frameworks */,
				D08778B01513FBFA009B403D /* Foundation.framework in Frameworks */,
				D08778B21513FBFA009B403D /* CoreGraphics.framework in Frameworks */,
			);
			runOnlyForDeploymentPostprocessing = 0;
		};
/* End PBXFrameworksBuildPhase section */

/* Begin PBXGroup section */
		D087789E1513FBFA009B403D = {
			isa = PBXGroup;
			children = (
				D08778B31513FBFA009B403D /* HeavyRotation */,
				D08778AC1513FBFA009B403D /* Frameworks */,
				D08778AA1513FBFA009B403D /* Products */,
			);
			sourceTree = "<group>";
		};
		D08778AA1513FBFA009B403D /* Products */ = {
			isa = PBXGroup;
			children = (
				D08778A91513FBFA009B403D /* HeavyRotation.app */,
			);
			name = Products;
			sourceTree = "<group>";
		};
		D08778AC1513FBFA009B403D /* Frameworks */ = {
			isa = PBXGroup;
			children = (
				D08778AD1513FBFA009B403D /* UIKit.framework */,
				D08778AF1513FBFA009B403D /* Foundation.framework */,
				D08778B11513FBFA009B403D /* CoreGraphics.framework */,
			);
			name = Frameworks;
			sourceTree = "<group>";
		};
		D08778B31513FBFA009B403D /* HeavyRotation */ = {
			isa = PBXGroup;
			children = (
				D08778BC1513FBFA009B403D /* AppDelegate.h */,
				D08778BD1513FBFA009B403D /* AppDelegate.m */,
				D08778BF1513FBFA009B403D /* ViewController.h */,
				D08778C01513FBFA009B403D /* ViewController.m */,
				D08778C21513FBFA009B403D /* ViewController.xib */,
				D08778B41513FBFA009B403D /* Supporting Files */,
			);
			path = HeavyRotation;
			sourceTree = "<group>";
		};
		D08778B41513FBFA009B403D /* Supporting Files */ = {
			isa = PBXGroup;
			children = (
				D08778B51513FBFA009B403D /* HeavyRotation-Info.plist */,
				D08778B61513FBFA009B403D /* InfoPlist.strings */,
				D08778B91513FBFA009B403D /* main.m */,
				D08778BB1513FBFA009B403D /* HeavyRotation-Prefix.pch */,
			);
			name = "Supporting Files";
			sourceTree = "<group>";
		};
/* End PBXGroup section */

/* Begin PBXNativeTarget section */
		D08778A81513FBFA009B403D /* HeavyRotation */ = {
			isa = PBXNativeTarget;
			buildConfigurationList = D08778C71513FBFA009B403D /* Build configuration list for PBXNativeTarget "HeavyRotation" */;
			buildPhases = (
				D08778A51513FBFA009B403D /* Sources */,
				D08778A61513FBFA009B403D /* Frameworks */,
				D08778A71513FBFA009B403D /* Resources */,
			);
			buildRules = (
			);
			dependencies = (
			);
			name = HeavyRotation;
			productName = HeavyRotation;
			productReference = D08778A91513FBFA009B403D /* HeavyRotation.app */;
			productType = "com.apple.product-type.application";
		};
/* End PBXNativeTarget section */

/* Begin PBXProject section */
		D08778A01513FBFA009B403D /* Project object */ = {
			isa = PBXProject;
			attributes = {
				LastUpgradeCheck = 0430;
			};
			buildConfigurationList = D08778A31513FBFA009B403D /* Build configuration list for PBXProject "HeavyRotation" */;
			compatibilityVersion = "Xcode 3.2";
			developmentRegion = English;
			hasScannedForEncodings = 0;
			knownRegions = (
				en,
			);
			mainGroup = D087789E1513FBFA009B403D;
			productRefGroup = D08778AA1513FBFA009B403D /* Products */;
			projectDirPath = "";
			projectRoot = "";
			targets = (
				D08778A81513FBFA009B403D /* HeavyRotation */,
			);
		};
/* End PBXProject section */

/* Begin PBXResourcesBuildPhase section */
		D08778A71513FBFA009B403D /* Resources */ = {
			isa = PBXResourcesBuildPhase;
			buildActionMask = 2147483647;
			files = (
				D08778B81513FBFA009B403D /* InfoPlist.strings in Resources */,
				D08778C41513FBFA009B403D /* ViewController.xib in Resources */,
			);
			runOnlyForDeploymentPostprocessing = 0;
		};
/* End PBXResourcesBuildPhase section */

/* Begin PBXSourcesBuildPhase section */
		D08778A51513FBFA009B403D /* Sources */ = {
			isa = PBXSourcesBuildPhase;
			buildActionMask = 2147483647;
			files = (
				D08778BA1513FBFA009B403D /* main.m in Sources */,
				D08778BE1513FBFA009B403D /* AppDelegate.m in Sources */,
				D08778C11513FBFA009B403D /* ViewController.m in Sources */,
			);
			runOnlyForDeploymentPostprocessing = 0;
		};
/* End PBXSourcesBuildPhase section */

/* Begin PBXVariantGroup section */
		D08778B61513FBFA009B403D /* InfoPlist.strings */ = {
			isa = PBXVariantGroup;
			children = (
				D08778B71513FBFA009B403D /* en */,
			);
			name = InfoPlist.strings;
			sourceTree = "<group>";
		};
		D08778C21513FBFA009B403D /* ViewController.xib */ = {
			isa = PBXVariantGroup;
			children = (
				D08778C31513FBFA009B403D /* en */,
			);
			name = ViewController.xib;
			sourceTree = "<group>";
		};
/* End PBXVariantGroup section */

/* Begin XCBuildConfiguration section */
		D08778C51513FBFA009B403D /* Debug */ = {
			isa = XCBuildConfiguration;
			buildSettings = {
				ALWAYS_SEARCH_USER_PATHS = NO;
				ARCHS = "$(ARCHS_STANDARD_32_BIT)";
				CLANG_ENABLE_OBJC_ARC = YES;
				"CODE_SIGN_IDENTITY[sdk=iphoneos*]" = "iPhone Developer";
				COPY_PHASE_STRIP = NO;
				GCC_C_LANGUAGE_STANDARD = gnu99;
				GCC_DYNAMIC_NO_PIC = NO;
				GCC_OPTIMIZATION_LEVEL = 0;
				GCC_PREPROCESSOR_DEFINITIONS = (
					"DEBUG=1",
					"$(inherited)",
				);
				GCC_SYMBOLS_PRIVATE_EXTERN = NO;
				GCC_VERSION = com.apple.compilers.llvm.clang.1_0;
				GCC_WARN_ABOUT_RETURN_TYPE = YES;
				GCC_WARN_UNINITIALIZED_AUTOS = YES;
				GCC_WARN_UNUSED_VARIABLE = YES;
				IPHONEOS_DEPLOYMENT_TARGET = 5.1;
				SDKROOT = iphoneos;
			};
			name = Debug;
		};
		D08778C61513FBFA009B403D /* Release */ = {
			isa = XCBuildConfiguration;
			buildSettings = {
				ALWAYS_SEARCH_USER_PATHS = NO;
				ARCHS = "$(ARCHS_STANDARD_32_BIT)";
				CLANG_ENABLE_OBJC_ARC = YES;
				"CODE_SIGN_IDENTITY[sdk=iphoneos*]" = "iPhone Developer";
				COPY_PHASE_STRIP = YES;
				GCC_C_LANGUAGE_STANDARD = gnu99;
				GCC_VERSION = com.apple.compilers.llvm.clang.1_0;
				GCC_WARN_ABOUT_RETURN_TYPE = YES;
				GCC_WARN_UNINITIALIZED_AUTOS = YES;
				GCC_WARN_UNUSED_VARIABLE = YES;
				IPHONEOS_DEPLOYMENT_TARGET = 5.1;
				OTHER_CFLAGS = "-DNS_BLOCK_ASSERTIONS=1";
				SDKROOT = iphoneos;
				VALIDATE_PRODUCT = YES;
			};
			name = Release;
		};
		D08778C81513FBFA009B403D /* Debug */ = {
			isa = XCBuildConfiguration;
			buildSettings = {
				GCC_PRECOMPILE_PREFIX_HEADER = YES;
				GCC_PREFIX_HEADER = "HeavyRotation/HeavyRotation-Prefix.pch";
				INFOPLIST_FILE = "HeavyRotation/HeavyRotation-Info.plist";
				PRODUCT_NAME = "$(TARGET_NAME)";
				WRAPPER_EXTENSION = app;
			};
			name = Debug;
		};
		D08778C91513FBFA009B403D /* Release */ = {
			isa = XCBuildConfiguration;
			buildSettings = {
				GCC_PRECOMPILE_PREFIX_HEADER = YES;
				GCC_PREFIX_HEADER = "HeavyRotation/HeavyRotation-Prefix.pch";
				INFOPLIST_FILE = "HeavyRotation/HeavyRotation-Info.plist";
				PRODUCT_NAME = "$(TARGET_NAME)";
				WRAPPER_EXTENSION = app;
			};
			name = Release;
		};
/* End XCBuildConfiguration section */

/* Begin XCConfigurationList section */
		D08778A31513FBFA009B403D /* Build configuration list for PBXProject "HeavyRotation" */ = {
			isa = XCConfigurationList;
			buildConfigurations = (
				D08778C51513FBFA009B403D /* Debug */,
				D08778C61513FBFA009B403D /* Release */,
			);
			defaultConfigurationIsVisible = 0;
			defaultConfigurationName = Release;
		};
		D08778C71513FBFA009B403D /* Build configuration list for PBXNativeTarget "HeavyRotation" */ = {
			isa = XCConfigurationList;
			buildConfigurations = (
				D08778C81513FBFA009B403D /* Debug */,
				D08778C91513FBFA009B403D /* Release */,
			);
			defaultConfigurationIsVisible = 0;
		};
/* End XCConfigurationList section */
	};
	rootObject = D08778A01513FBFA009B403D /* Project object */;
}
