// !$*UTF8*$!
{
	archiveVersion = 1;
	classes = {
	};
	objectVersion = 46;
	objects = {

/* Begin PBXBuildFile section */
		D0F937E314BFD26500D1D2CC /* UIKit.framework in Frameworks */ = {isa = PBXBuildFile; fileRef = D0F937E214BFD26500D1D2CC /* UIKit.framework */; };
		D0F937E514BFD26500D1D2CC /* Foundation.framework in Frameworks */ = {isa = PBXBuildFile; fileRef = D0F937E414BFD26500D1D2CC /* Foundation.framework */; };
		D0F937E714BFD26500D1D2CC /* CoreGraphics.framework in Frameworks */ = {isa = PBXBuildFile; fileRef = D0F937E614BFD26500D1D2CC /* CoreGraphics.framework */; };
		D0F937ED14BFD26500D1D2CC /* InfoPlist.strings in Resources */ = {isa = PBXBuildFile; fileRef = D0F937EB14BFD26500D1D2CC /* InfoPlist.strings */; };
		D0F937EF14BFD26500D1D2CC /* main.m in Sources */ = {isa = PBXBuildFile; fileRef = D0F937EE14BFD26500D1D2CC /* main.m */; };
		D0F937F314BFD26500D1D2CC /* AppDelegate.m in Sources */ = {isa = PBXBuildFile; fileRef = D0F937F214BFD26500D1D2CC /* AppDelegate.m */; };
		D0F937F614BFD26500D1D2CC /* MainStoryboard.storyboard in Resources */ = {isa = PBXBuildFile; fileRef = D0F937F414BFD26500D1D2CC /* MainStoryboard.storyboard */; };
		D0F937F914BFD26500D1D2CC /* ViewController.m in Sources */ = {isa = PBXBuildFile; fileRef = D0F937F814BFD26500D1D2CC /* ViewController.m */; };
/* End PBXBuildFile section */

/* Begin PBXFileReference section */
		D0F937DE14BFD26500D1D2CC /* HelloiPhone.app */ = {isa = PBXFileReference; explicitFileType = wrapper.application; includeInIndex = 0; path = HelloiPhone.app; sourceTree = BUILT_PRODUCTS_DIR; };
		D0F937E214BFD26500D1D2CC /* UIKit.framework */ = {isa = PBXFileReference; lastKnownFileType = wrapper.framework; name = UIKit.framework; path = System/Library/Frameworks/UIKit.framework; sourceTree = SDKROOT; };
		D0F937E414BFD26500D1D2CC /* Foundation.framework */ = {isa = PBXFileReference; lastKnownFileType = wrapper.framework; name = Foundation.framework; path = System/Library/Frameworks/Foundation.framework; sourceTree = SDKROOT; };
		D0F937E614BFD26500D1D2CC /* CoreGraphics.framework */ = {isa = PBXFileReference; lastKnownFileType = wrapper.framework; name = CoreGraphics.framework; path = System/Library/Frameworks/CoreGraphics.framework; sourceTree = SDKROOT; };
		D0F937EA14BFD26500D1D2CC /* HelloiPhone-Info.plist */ = {isa = PBXFileReference; lastKnownFileType = text.plist.xml; path = "HelloiPhone-Info.plist"; sourceTree = "<group>"; };
		D0F937EC14BFD26500D1D2CC /* en */ = {isa = PBXFileReference; lastKnownFileType = text.plist.strings; name = en; path = en.lproj/InfoPlist.strings; sourceTree = "<group>"; };
		D0F937EE14BFD26500D1D2CC /* main.m */ = {isa = PBXFileReference; lastKnownFileType = sourcecode.c.objc; path = main.m; sourceTree = "<group>"; };
		D0F937F014BFD26500D1D2CC /* HelloiPhone-Prefix.pch */ = {isa = PBXFileReference; lastKnownFileType = sourcecode.c.h; path = "HelloiPhone-Prefix.pch"; sourceTree = "<group>"; };
		D0F937F114BFD26500D1D2CC /* AppDelegate.h */ = {isa = PBXFileReference; lastKnownFileType = sourcecode.c.h; path = AppDelegate.h; sourceTree = "<group>"; };
		D0F937F214BFD26500D1D2CC /* AppDelegate.m */ = {isa = PBXFileReference; lastKnownFileType = sourcecode.c.objc; path = AppDelegate.m; sourceTree = "<group>"; };
		D0F937F514BFD26500D1D2CC /* en */ = {isa = PBXFileReference; lastKnownFileType = file.storyboard; name = en; path = en.lproj/MainStoryboard.storyboard; sourceTree = "<group>"; };
		D0F937F714BFD26500D1D2CC /* ViewController.h */ = {isa = PBXFileReference; lastKnownFileType = sourcecode.c.h; path = ViewController.h; sourceTree = "<group>"; };
		D0F937F814BFD26500D1D2CC /* ViewController.m */ = {isa = PBXFileReference; lastKnownFileType = sourcecode.c.objc; path = ViewController.m; sourceTree = "<group>"; };
/* End PBXFileReference section */

/* Begin PBXFrameworksBuildPhase section */
		D0F937DB14BFD26500D1D2CC /* Frameworks */ = {
			isa = PBXFrameworksBuildPhase;
			buildActionMask = 2147483647;
			files = (
				D0F937E314BFD26500D1D2CC /* UIKit.framework in Frameworks */,
				D0F937E514BFD26500D1D2CC /* Foundation.framework in Frameworks */,
				D0F937E714BFD26500D1D2CC /* CoreGraphics.framework in Frameworks */,
			);
			runOnlyForDeploymentPostprocessing = 0;
		};
/* End PBXFrameworksBuildPhase section */

/* Begin PBXGroup section */
		D0F937D314BFD26500D1D2CC = {
			isa = PBXGroup;
			children = (
				D0F937E814BFD26500D1D2CC /* HelloiPhone */,
				D0F937E114BFD26500D1D2CC /* Frameworks */,
				D0F937DF14BFD26500D1D2CC /* Products */,
			);
			sourceTree = "<group>";
		};
		D0F937DF14BFD26500D1D2CC /* Products */ = {
			isa = PBXGroup;
			children = (
				D0F937DE14BFD26500D1D2CC /* HelloiPhone.app */,
			);
			name = Products;
			sourceTree = "<group>";
		};
		D0F937E114BFD26500D1D2CC /* Frameworks */ = {
			isa = PBXGroup;
			children = (
				D0F937E214BFD26500D1D2CC /* UIKit.framework */,
				D0F937E414BFD26500D1D2CC /* Foundation.framework */,
				D0F937E614BFD26500D1D2CC /* CoreGraphics.framework */,
			);
			name = Frameworks;
			sourceTree = "<group>";
		};
		D0F937E814BFD26500D1D2CC /* HelloiPhone */ = {
			isa = PBXGroup;
			children = (
				D0F937F114BFD26500D1D2CC /* AppDelegate.h */,
				D0F937F214BFD26500D1D2CC /* AppDelegate.m */,
				D0F937F414BFD26500D1D2CC /* MainStoryboard.storyboard */,
				D0F937F714BFD26500D1D2CC /* ViewController.h */,
				D0F937F814BFD26500D1D2CC /* ViewController.m */,
				D0F937E914BFD26500D1D2CC /* Supporting Files */,
			);
			path = HelloiPhone;
			sourceTree = "<group>";
		};
		D0F937E914BFD26500D1D2CC /* Supporting Files */ = {
			isa = PBXGroup;
			children = (
				D0F937EA14BFD26500D1D2CC /* HelloiPhone-Info.plist */,
				D0F937EB14BFD26500D1D2CC /* InfoPlist.strings */,
				D0F937EE14BFD26500D1D2CC /* main.m */,
				D0F937F014BFD26500D1D2CC /* HelloiPhone-Prefix.pch */,
			);
			name = "Supporting Files";
			sourceTree = "<group>";
		};
/* End PBXGroup section */

/* Begin PBXNativeTarget section */
		D0F937DD14BFD26500D1D2CC /* HelloiPhone */ = {
			isa = PBXNativeTarget;
			buildConfigurationList = D0F937FC14BFD26500D1D2CC /* Build configuration list for PBXNativeTarget "HelloiPhone" */;
			buildPhases = (
				D0F937DA14BFD26500D1D2CC /* Sources */,
				D0F937DB14BFD26500D1D2CC /* Frameworks */,
				D0F937DC14BFD26500D1D2CC /* Resources */,
			);
			buildRules = (
			);
			dependencies = (
			);
			name = HelloiPhone;
			productName = HelloiPhone;
			productReference = D0F937DE14BFD26500D1D2CC /* HelloiPhone.app */;
			productType = "com.apple.product-type.application";
		};
/* End PBXNativeTarget section */

/* Begin PBXProject section */
		D0F937D514BFD26500D1D2CC /* Project object */ = {
			isa = PBXProject;
			attributes = {
				LastUpgradeCheck = 0420;
			};
			buildConfigurationList = D0F937D814BFD26500D1D2CC /* Build configuration list for PBXProject "HelloiPhone" */;
			compatibilityVersion = "Xcode 3.2";
			developmentRegion = English;
			hasScannedForEncodings = 0;
			knownRegions = (
				en,
			);
			mainGroup = D0F937D314BFD26500D1D2CC;
			productRefGroup = D0F937DF14BFD26500D1D2CC /* Products */;
			projectDirPath = "";
			projectRoot = "";
			targets = (
				D0F937DD14BFD26500D1D2CC /* HelloiPhone */,
			);
		};
/* End PBXProject section */

/* Begin PBXResourcesBuildPhase section */
		D0F937DC14BFD26500D1D2CC /* Resources */ = {
			isa = PBXResourcesBuildPhase;
			buildActionMask = 2147483647;
			files = (
				D0F937ED14BFD26500D1D2CC /* InfoPlist.strings in Resources */,
				D0F937F614BFD26500D1D2CC /* MainStoryboard.storyboard in Resources */,
			);
			runOnlyForDeploymentPostprocessing = 0;
		};
/* End PBXResourcesBuildPhase section */

/* Begin PBXSourcesBuildPhase section */
		D0F937DA14BFD26500D1D2CC /* Sources */ = {
			isa = PBXSourcesBuildPhase;
			buildActionMask = 2147483647;
			files = (
				D0F937EF14BFD26500D1D2CC /* main.m in Sources */,
				D0F937F314BFD26500D1D2CC /* AppDelegate.m in Sources */,
				D0F937F914BFD26500D1D2CC /* ViewController.m in Sources */,
			);
			runOnlyForDeploymentPostprocessing = 0;
		};
/* End PBXSourcesBuildPhase section */

/* Begin PBXVariantGroup section */
		D0F937EB14BFD26500D1D2CC /* InfoPlist.strings */ = {
			isa = PBXVariantGroup;
			children = (
				D0F937EC14BFD26500D1D2CC /* en */,
			);
			name = InfoPlist.strings;
			sourceTree = "<group>";
		};
		D0F937F414BFD26500D1D2CC /* MainStoryboard.storyboard */ = {
			isa = PBXVariantGroup;
			children = (
				D0F937F514BFD26500D1D2CC /* en */,
			);
			name = MainStoryboard.storyboard;
			sourceTree = "<group>";
		};
/* End PBXVariantGroup section */

/* Begin XCBuildConfiguration section */
		D0F937FA14BFD26500D1D2CC /* Debug */ = {
			isa = XCBuildConfiguration;
			buildSettings = {
				ALWAYS_SEARCH_USER_PATHS = NO;
				ARCHS = "$(ARCHS_STANDARD_32_BIT)";
				CLANG_ENABLE_OBJC_ARC = YES;
				"CODE_SIGN_IDENTITY[sdk=iphoneos*]" = "iPhone Developer";
				COPY_PHASE_STRIP = NO;
				GCC_C_LANGUAGE_STANDARD = gnu99;
				GCC_DYNAMIC_NO_PIC = NO;
				GCC_OPTIMIZATION_LEVEL = 0;
				GCC_PREPROCESSOR_DEFINITIONS = (
					"DEBUG=1",
					"$(inherited)",
				);
				GCC_SYMBOLS_PRIVATE_EXTERN = NO;
				GCC_VERSION = com.apple.compilers.llvm.clang.1_0;
				GCC_WARN_ABOUT_MISSING_PROTOTYPES = YES;
				GCC_WARN_ABOUT_RETURN_TYPE = YES;
				GCC_WARN_UNUSED_VARIABLE = YES;
				IPHONEOS_DEPLOYMENT_TARGET = 5.0;
				SDKROOT = iphoneos;
			};
			name = Debug;
		};
		D0F937FB14BFD26500D1D2CC /* Release */ = {
			isa = XCBuildConfiguration;
			buildSettings = {
				ALWAYS_SEARCH_USER_PATHS = NO;
				ARCHS = "$(ARCHS_STANDARD_32_BIT)";
				CLANG_ENABLE_OBJC_ARC = YES;
				"CODE_SIGN_IDENTITY[sdk=iphoneos*]" = "iPhone Developer";
				COPY_PHASE_STRIP = YES;
				GCC_C_LANGUAGE_STANDARD = gnu99;
				GCC_VERSION = com.apple.compilers.llvm.clang.1_0;
				GCC_WARN_ABOUT_MISSING_PROTOTYPES = YES;
				GCC_WARN_ABOUT_RETURN_TYPE = YES;
				GCC_WARN_UNUSED_VARIABLE = YES;
				IPHONEOS_DEPLOYMENT_TARGET = 5.0;
				OTHER_CFLAGS = "-DNS_BLOCK_ASSERTIONS=1";
				SDKROOT = iphoneos;
				VALIDATE_PRODUCT = YES;
			};
			name = Release;
		};
		D0F937FD14BFD26500D1D2CC /* Debug */ = {
			isa = XCBuildConfiguration;
			buildSettings = {
				GCC_PRECOMPILE_PREFIX_HEADER = YES;
				GCC_PREFIX_HEADER = "HelloiPhone/HelloiPhone-Prefix.pch";
				INFOPLIST_FILE = "HelloiPhone/HelloiPhone-Info.plist";
				PRODUCT_NAME = "$(TARGET_NAME)";
				WRAPPER_EXTENSION = app;
			};
			name = Debug;
		};
		D0F937FE14BFD26500D1D2CC /* Release */ = {
			isa = XCBuildConfiguration;
			buildSettings = {
				GCC_PRECOMPILE_PREFIX_HEADER = YES;
				GCC_PREFIX_HEADER = "HelloiPhone/HelloiPhone-Prefix.pch";
				INFOPLIST_FILE = "HelloiPhone/HelloiPhone-Info.plist";
				PRODUCT_NAME = "$(TARGET_NAME)";
				WRAPPER_EXTENSION = app;
			};
			name = Release;
		};
/* End XCBuildConfiguration section */

/* Begin XCConfigurationList section */
		D0F937D814BFD26500D1D2CC /* Build configuration list for PBXProject "HelloiPhone" */ = {
			isa = XCConfigurationList;
			buildConfigurations = (
				D0F937FA14BFD26500D1D2CC /* Debug */,
				D0F937FB14BFD26500D1D2CC /* Release */,
			);
			defaultConfigurationIsVisible = 0;
			defaultConfigurationName = Release;
		};
		D0F937FC14BFD26500D1D2CC /* Build configuration list for PBXNativeTarget "HelloiPhone" */ = {
			isa = XCConfigurationList;
			buildConfigurations = (
				D0F937FD14BFD26500D1D2CC /* Debug */,
				D0F937FE14BFD26500D1D2CC /* Release */,
			);
			defaultConfigurationIsVisible = 0;
		};
/* End XCConfigurationList section */
	};
	rootObject = D0F937D514BFD26500D1D2CC /* Project object */;
}
